
Microsoft Visual Studio Solution File, Format Version 12.00
# Visual Studio 2013
VisualStudioVersion = 12.0.31101.0
MinimumVisualStudioVersion = 10.0.40219.1
Project("{FAE04EC0-301F-11D3-BF4B-00C04F79EFBC}") = "MeowTown_new", "MeowTown new\MeowTown_new\MeowTown_new.csproj", "{125A5682-7558-4587-AFE7-026A38125C8E}"
EndProject
Project("{FAE04EC0-301F-11D3-BF4B-00C04F79EFBC}") = "MeowTown_newContent", "MeowTown new\MeowTown_newContent\MeowTown_newContent.contentproj", "{BC8FFBED-21B9-4AF1-A956-EE005E7400F4}"
EndProject
Global
	GlobalSection(SolutionConfigurationPlatforms) = preSolution
		Debug|x86 = Debug|x86
		Debug|XBOX 360 = Debug|XBOX 360
		Release|x86 = Release|x86
		Release|XBOX 360 = Release|XBOX 360
	EndGlobalSection
	GlobalSection(ProjectConfigurationPlatforms) = postSolution
		{125A5682-7558-4587-AFE7-026A38125C8E}.Debug|x86.ActiveCfg = Debug|x86
		{125A5682-7558-4587-AFE7-026A38125C8E}.Debug|x86.Build.0 = Debug|x86
		{125A5682-7558-4587-AFE7-026A38125C8E}.Debug|XBOX 360.ActiveCfg = Debug|x86
		{125A5682-7558-4587-AFE7-026A38125C8E}.Release|x86.ActiveCfg = Release|x86
		{125A5682-7558-4587-AFE7-026A38125C8E}.Release|x86.Build.0 = Release|x86
		{125A5682-7558-4587-AFE7-026A38125C8E}.Release|XBOX 360.ActiveCfg = Release|x86
		{BC8FFBED-21B9-4AF1-A956-EE005E7400F4}.Debug|x86.ActiveCfg = Debug|x86
		{BC8FFBED-21B9-4AF1-A956-EE005E7400F4}.Debug|XBOX 360.ActiveCfg = Debug|x86
		{BC8FFBED-21B9-4AF1-A956-EE005E7400F4}.Release|x86.ActiveCfg = Release|x86
		{BC8FFBED-21B9-4AF1-A956-EE005E7400F4}.Release|x86.Deploy.0 = Release|x86
		{BC8FFBED-21B9-4AF1-A956-EE005E7400F4}.Release|XBOX 360.ActiveCfg = Release|x86
	EndGlobalSection
	GlobalSection(SolutionProperties) = preSolution
		HideSolutionNode = FALSE
	EndGlobalSection
EndGlobal
